{
  "version": 4,
  "terraform_version": "1.8.5",
  "serial": 89,
  "lineage": "aa3196a0-4e3b-55be-40fb-7d370160b62f",
  "outputs": {},
  "resources": [
    {
      "mode": "managed",
      "type": "aws_instance",
      "name": "my_instance",
      "provider": "provider[\"registry.terraform.io/hashicorp/aws\"]",
      "instances": [
        {
          "index_key": 0,
          "schema_version": 1,
          "attributes": {
            "ami": "ami-0866a3c8686eaeeba",
            "arn": "arn:aws:ec2:us-east-1:520608787903:instance/i-040b9d9ae9b9c08fd",
            "associate_public_ip_address": true,
            "availability_zone": "us-east-1a",
            "capacity_reservation_specification": [
              {
                "capacity_reservation_preference": "open",
                "capacity_reservation_target": []
              }
            ],
            "cpu_core_count": 1,
            "cpu_options": [
              {
                "amd_sev_snp": "",
                "core_count": 1,
                "threads_per_core": 1
              }
            ],
            "cpu_threads_per_core": 1,
            "credit_specification": [
              {
                "cpu_credits": "standard"
              }
            ],
            "disable_api_stop": false,
            "disable_api_termination": false,
            "ebs_block_device": [],
            "ebs_optimized": false,
            "enclave_options": [
              {
                "enabled": false
              }
            ],
            "ephemeral_block_device": [],
            "get_password_data": false,
            "hibernation": false,
            "host_id": "",
            "host_resource_group_arn": null,
            "iam_instance_profile": "",
            "id": "i-040b9d9ae9b9c08fd",
            "instance_initiated_shutdown_behavior": "stop",
            "instance_lifecycle": "",
            "instance_market_options": [],
            "instance_state": "running",
            "instance_type": "t2.micro",
            "ipv6_address_count": 0,
            "ipv6_addresses": [],
            "key_name": "TF_key",
            "launch_template": [],
            "maintenance_options": [
              {
                "auto_recovery": "default"
              }
            ],
            "metadata_options": [
              {
                "http_endpoint": "enabled",
                "http_protocol_ipv6": "disabled",
                "http_put_response_hop_limit": 2,
                "http_tokens": "required",
                "instance_metadata_tags": "disabled"
              }
            ],
            "monitoring": false,
            "network_interface": [],
            "outpost_arn": "",
            "password_data": "",
            "placement_group": "",
            "placement_partition_number": 0,
            "primary_network_interface_id": "eni-0fd2cdf667815fb20",
            "private_dns": "ip-10-0-1-148.ec2.internal",
            "private_dns_name_options": [
              {
                "enable_resource_name_dns_a_record": false,
                "enable_resource_name_dns_aaaa_record": false,
                "hostname_type": "ip-name"
              }
            ],
            "private_ip": "10.0.1.148",
            "public_dns": "",
            "public_ip": "3.238.78.254",
            "root_block_device": [
              {
                "delete_on_termination": true,
                "device_name": "/dev/sda1",
                "encrypted": false,
                "iops": 3000,
                "kms_key_id": "",
                "tags": {},
                "tags_all": {},
                "throughput": 125,
                "volume_id": "vol-014eeb349a9c7a00b",
                "volume_size": 8,
                "volume_type": "gp3"
              }
            ],
            "secondary_private_ips": [],
            "security_groups": [],
            "source_dest_check": true,
            "spot_instance_request_id": "",
            "subnet_id": "subnet-018f5d9e783b7a6ca",
            "tags": {
              "Name": "ec2_instance-1"
            },
            "tags_all": {
              "Name": "ec2_instance-1"
            },
            "tenancy": "default",
            "timeouts": null,
            "user_data": null,
            "user_data_base64": null,
            "user_data_replace_on_change": false,
            "volume_tags": null,
            "vpc_security_group_ids": [
              "sg-079918dbd9485ce0f"
            ]
          },
          "sensitive_attributes": [],
          "private": "eyJlMmJmYjczMC1lY2FhLTExZTYtOGY4OC0zNDM2M2JjN2M0YzAiOnsiY3JlYXRlIjo2MDAwMDAwMDAwMDAsImRlbGV0ZSI6MTIwMDAwMDAwMDAwMCwicmVhZCI6OTAwMDAwMDAwMDAwLCJ1cGRhdGUiOjYwMDAwMDAwMDAwMH0sInNjaGVtYV92ZXJzaW9uIjoiMSJ9",
          "dependencies": [
            "aws_key_pair.TF_key",
            "aws_security_group.my_sg",
            "aws_subnet.my_subnet",
            "aws_vpc.my_vpc",
            "tls_private_key.rsa"
          ]
        },
        {
          "index_key": 1,
          "schema_version": 1,
          "attributes": {
            "ami": "ami-0866a3c8686eaeeba",
            "arn": "arn:aws:ec2:us-east-1:520608787903:instance/i-0d2acf45fd5a8d705",
            "associate_public_ip_address": true,
            "availability_zone": "us-east-1a",
            "capacity_reservation_specification": [
              {
                "capacity_reservation_preference": "open",
                "capacity_reservation_target": []
              }
            ],
            "cpu_core_count": 1,
            "cpu_options": [
              {
                "amd_sev_snp": "",
                "core_count": 1,
                "threads_per_core": 1
              }
            ],
            "cpu_threads_per_core": 1,
            "credit_specification": [
              {
                "cpu_credits": "standard"
              }
            ],
            "disable_api_stop": false,
            "disable_api_termination": false,
            "ebs_block_device": [],
            "ebs_optimized": false,
            "enclave_options": [
              {
                "enabled": false
              }
            ],
            "ephemeral_block_device": [],
            "get_password_data": false,
            "hibernation": false,
            "host_id": "",
            "host_resource_group_arn": null,
            "iam_instance_profile": "",
            "id": "i-0d2acf45fd5a8d705",
            "instance_initiated_shutdown_behavior": "stop",
            "instance_lifecycle": "",
            "instance_market_options": [],
            "instance_state": "running",
            "instance_type": "t2.micro",
            "ipv6_address_count": 0,
            "ipv6_addresses": [],
            "key_name": "TF_key",
            "launch_template": [],
            "maintenance_options": [
              {
                "auto_recovery": "default"
              }
            ],
            "metadata_options": [
              {
                "http_endpoint": "enabled",
                "http_protocol_ipv6": "disabled",
                "http_put_response_hop_limit": 2,
                "http_tokens": "required",
                "instance_metadata_tags": "disabled"
              }
            ],
            "monitoring": false,
            "network_interface": [],
            "outpost_arn": "",
            "password_data": "",
            "placement_group": "",
            "placement_partition_number": 0,
            "primary_network_interface_id": "eni-060d8b86355b055b7",
            "private_dns": "ip-10-0-1-151.ec2.internal",
            "private_dns_name_options": [
              {
                "enable_resource_name_dns_a_record": false,
                "enable_resource_name_dns_aaaa_record": false,
                "hostname_type": "ip-name"
              }
            ],
            "private_ip": "10.0.1.151",
            "public_dns": "",
            "public_ip": "44.213.134.197",
            "root_block_device": [
              {
                "delete_on_termination": true,
                "device_name": "/dev/sda1",
                "encrypted": false,
                "iops": 3000,
                "kms_key_id": "",
                "tags": {},
                "tags_all": {},
                "throughput": 125,
                "volume_id": "vol-0cb8d19c684a6a3f1",
                "volume_size": 8,
                "volume_type": "gp3"
              }
            ],
            "secondary_private_ips": [],
            "security_groups": [],
            "source_dest_check": true,
            "spot_instance_request_id": "",
            "subnet_id": "subnet-018f5d9e783b7a6ca",
            "tags": {
              "Name": "ec2_instance-2"
            },
            "tags_all": {
              "Name": "ec2_instance-2"
            },
            "tenancy": "default",
            "timeouts": null,
            "user_data": null,
            "user_data_base64": null,
            "user_data_replace_on_change": false,
            "volume_tags": null,
            "vpc_security_group_ids": [
              "sg-079918dbd9485ce0f"
            ]
          },
          "sensitive_attributes": [],
          "private": "eyJlMmJmYjczMC1lY2FhLTExZTYtOGY4OC0zNDM2M2JjN2M0YzAiOnsiY3JlYXRlIjo2MDAwMDAwMDAwMDAsImRlbGV0ZSI6MTIwMDAwMDAwMDAwMCwicmVhZCI6OTAwMDAwMDAwMDAwLCJ1cGRhdGUiOjYwMDAwMDAwMDAwMH0sInNjaGVtYV92ZXJzaW9uIjoiMSJ9",
          "dependencies": [
            "aws_key_pair.TF_key",
            "aws_security_group.my_sg",
            "aws_subnet.my_subnet",
            "aws_vpc.my_vpc",
            "tls_private_key.rsa"
          ]
        },
        {
          "index_key": 2,
          "schema_version": 1,
          "attributes": {
            "ami": "ami-0866a3c8686eaeeba",
            "arn": "arn:aws:ec2:us-east-1:520608787903:instance/i-0c2694ca7db5e3360",
            "associate_public_ip_address": true,
            "availability_zone": "us-east-1a",
            "capacity_reservation_specification": [
              {
                "capacity_reservation_preference": "open",
                "capacity_reservation_target": []
              }
            ],
            "cpu_core_count": 1,
            "cpu_options": [
              {
                "amd_sev_snp": "",
                "core_count": 1,
                "threads_per_core": 1
              }
            ],
            "cpu_threads_per_core": 1,
            "credit_specification": [
              {
                "cpu_credits": "standard"
              }
            ],
            "disable_api_stop": false,
            "disable_api_termination": false,
            "ebs_block_device": [],
            "ebs_optimized": false,
            "enclave_options": [
              {
                "enabled": false
              }
            ],
            "ephemeral_block_device": [],
            "get_password_data": false,
            "hibernation": false,
            "host_id": "",
            "host_resource_group_arn": null,
            "iam_instance_profile": "",
            "id": "i-0c2694ca7db5e3360",
            "instance_initiated_shutdown_behavior": "stop",
            "instance_lifecycle": "",
            "instance_market_options": [],
            "instance_state": "running",
            "instance_type": "t2.micro",
            "ipv6_address_count": 0,
            "ipv6_addresses": [],
            "key_name": "TF_key",
            "launch_template": [],
            "maintenance_options": [
              {
                "auto_recovery": "default"
              }
            ],
            "metadata_options": [
              {
                "http_endpoint": "enabled",
                "http_protocol_ipv6": "disabled",
                "http_put_response_hop_limit": 2,
                "http_tokens": "required",
                "instance_metadata_tags": "disabled"
              }
            ],
            "monitoring": false,
            "network_interface": [],
            "outpost_arn": "",
            "password_data": "",
            "placement_group": "",
            "placement_partition_number": 0,
            "primary_network_interface_id": "eni-0bc069cf139ddb431",
            "private_dns": "ip-10-0-1-146.ec2.internal",
            "private_dns_name_options": [
              {
                "enable_resource_name_dns_a_record": false,
                "enable_resource_name_dns_aaaa_record": false,
                "hostname_type": "ip-name"
              }
            ],
            "private_ip": "10.0.1.146",
            "public_dns": "",
            "public_ip": "98.84.108.188",
            "root_block_device": [
              {
                "delete_on_termination": true,
                "device_name": "/dev/sda1",
                "encrypted": false,
                "iops": 3000,
                "kms_key_id": "",
                "tags": {},
                "tags_all": {},
                "throughput": 125,
                "volume_id": "vol-09e82a2f20870049f",
                "volume_size": 8,
                "volume_type": "gp3"
              }
            ],
            "secondary_private_ips": [],
            "security_groups": [],
            "source_dest_check": true,
            "spot_instance_request_id": "",
            "subnet_id": "subnet-018f5d9e783b7a6ca",
            "tags": {
              "Name": "ec2_instance-3"
            },
            "tags_all": {
              "Name": "ec2_instance-3"
            },
            "tenancy": "default",
            "timeouts": null,
            "user_data": null,
            "user_data_base64": null,
            "user_data_replace_on_change": false,
            "volume_tags": null,
            "vpc_security_group_ids": [
              "sg-079918dbd9485ce0f"
            ]
          },
          "sensitive_attributes": [],
          "private": "eyJlMmJmYjczMC1lY2FhLTExZTYtOGY4OC0zNDM2M2JjN2M0YzAiOnsiY3JlYXRlIjo2MDAwMDAwMDAwMDAsImRlbGV0ZSI6MTIwMDAwMDAwMDAwMCwicmVhZCI6OTAwMDAwMDAwMDAwLCJ1cGRhdGUiOjYwMDAwMDAwMDAwMH0sInNjaGVtYV92ZXJzaW9uIjoiMSJ9",
          "dependencies": [
            "aws_key_pair.TF_key",
            "aws_security_group.my_sg",
            "aws_subnet.my_subnet",
            "aws_vpc.my_vpc",
            "tls_private_key.rsa"
          ]
        }
      ]
    },
    {
      "mode": "managed",
      "type": "aws_internet_gateway",
      "name": "my_igw",
      "provider": "provider[\"registry.terraform.io/hashicorp/aws\"]",
      "instances": [
        {
          "schema_version": 0,
          "attributes": {
            "arn": "arn:aws:ec2:us-east-1:520608787903:internet-gateway/igw-039366919e2511fb7",
            "id": "igw-039366919e2511fb7",
            "owner_id": "520608787903",
            "tags": {
              "Name": "myInternetGateway"
            },
            "tags_all": {
              "Name": "myInternetGateway"
            },
            "timeouts": null,
            "vpc_id": "vpc-049188ba561275953"
          },
          "sensitive_attributes": [],
          "private": "eyJlMmJmYjczMC1lY2FhLTExZTYtOGY4OC0zNDM2M2JjN2M0YzAiOnsiY3JlYXRlIjoxMjAwMDAwMDAwMDAwLCJkZWxldGUiOjEyMDAwMDAwMDAwMDAsInVwZGF0ZSI6MTIwMDAwMDAwMDAwMH19",
          "dependencies": [
            "aws_vpc.my_vpc"
          ]
        }
      ]
    },
    {
      "mode": "managed",
      "type": "aws_key_pair",
      "name": "TF_key",
      "provider": "provider[\"registry.terraform.io/hashicorp/aws\"]",
      "instances": [
        {
          "schema_version": 1,
          "attributes": {
            "arn": "arn:aws:ec2:us-east-1:520608787903:key-pair/TF_key",
            "fingerprint": "db:3c:db:fa:3b:b3:66:d5:ad:d2:1c:17:e6:ee:49:65",
            "id": "TF_key",
            "key_name": "TF_key",
            "key_name_prefix": "",
            "key_pair_id": "key-019d9452bfcc90e29",
            "key_type": "rsa",
            "public_key": "ssh-rsa AAAAB3NzaC1yc2EAAAADAQABAAACAQCY7E3BnVXGH+xjj3Nq7EULHD+g38mBLiiNGXglGpGlS0raTY5UdnoStQ+UE1i71L/7EfN04JCQY8oOncFdhfjhCpAIEn3MUqWVrgs5s3vy2LQMOL8pyavn02DvyEctQQ1kP16tW8+SvaPbHffXqe7n9WPoswo1kDe108Rdb4ywaosUUrVLAconHx/FkMIMR8156HeBbdkoaKkEaxMebkXOfJgbIXOMbTH3hiWtT14zc+DfWZR7fL4zsGQ9GRWgv0okLa0rMSinskHM3ZcWxrTJzqi0GT7csAUCkQDAPxP2gjgrBAFwVFqm3eUahTLBn2CHDAmbKJuWLoNKQoeFt8tZ/VrLL+gfo2Eu8tqsr6uF50BOxtf52zylhHN1XKwU+iw/ZUIUyb3o5KMkqdVxuqzu0dxJ9Gpm1YeSYrCqu572IU2tYhB0zWdh8jmFbsqZPoUkVIQOPHmxYTU2NuiS2h3Ev7FHXoM0528q61kKfVAz0c6L/mnAsWutGm+HWsHHtiV0oVg026XWFmfwSgMvK6mGR3NAvf/7en9mkJpo0b3oRaNodyNnhXuq9KAR0vd0P9JL43lxrk0f40WaaWevetGwAUV2CoywEx3hd/R4wjdE0y0HYz59Bo6bJ3Xni1qBi6SsB0ytz+6f2sIBIa/RiICz2Plm9L+Y8kAy8HW9Rq8oow==",
            "tags": null,
            "tags_all": {}
          },
          "sensitive_attributes": [],
          "private": "eyJzY2hlbWFfdmVyc2lvbiI6IjEifQ==",
          "dependencies": [
            "tls_private_key.rsa"
          ]
        }
      ]
    },
    {
      "mode": "managed",
      "type": "aws_route_table",
      "name": "my_route_table",
      "provider": "provider[\"registry.terraform.io/hashicorp/aws\"]",
      "instances": [
        {
          "schema_version": 0,
          "attributes": {
            "arn": "arn:aws:ec2:us-east-1:520608787903:route-table/rtb-0c6bcc1cecfda9a43",
            "id": "rtb-0c6bcc1cecfda9a43",
            "owner_id": "520608787903",
            "propagating_vgws": [],
            "route": [
              {
                "carrier_gateway_id": "",
                "cidr_block": "0.0.0.0/0",
                "core_network_arn": "",
                "destination_prefix_list_id": "",
                "egress_only_gateway_id": "",
                "gateway_id": "igw-039366919e2511fb7",
                "ipv6_cidr_block": "",
                "local_gateway_id": "",
                "nat_gateway_id": "",
                "network_interface_id": "",
                "transit_gateway_id": "",
                "vpc_endpoint_id": "",
                "vpc_peering_connection_id": ""
              }
            ],
            "tags": {
              "Name": "myRouteTable"
            },
            "tags_all": {
              "Name": "myRouteTable"
            },
            "timeouts": null,
            "vpc_id": "vpc-049188ba561275953"
          },
          "sensitive_attributes": [],
          "private": "eyJlMmJmYjczMC1lY2FhLTExZTYtOGY4OC0zNDM2M2JjN2M0YzAiOnsiY3JlYXRlIjozMDAwMDAwMDAwMDAsImRlbGV0ZSI6MzAwMDAwMDAwMDAwLCJ1cGRhdGUiOjEyMDAwMDAwMDAwMH19",
          "dependencies": [
            "aws_internet_gateway.my_igw",
            "aws_vpc.my_vpc"
          ]
        }
      ]
    },
    {
      "mode": "managed",
      "type": "aws_route_table_association",
      "name": "my_route_table_assoc",
      "provider": "provider[\"registry.terraform.io/hashicorp/aws\"]",
      "instances": [
        {
          "schema_version": 0,
          "attributes": {
            "gateway_id": "",
            "id": "rtbassoc-0dae875295200c39c",
            "route_table_id": "rtb-0c6bcc1cecfda9a43",
            "subnet_id": "subnet-018f5d9e783b7a6ca",
            "timeouts": null
          },
          "sensitive_attributes": [],
          "private": "eyJlMmJmYjczMC1lY2FhLTExZTYtOGY4OC0zNDM2M2JjN2M0YzAiOnsiY3JlYXRlIjozMDAwMDAwMDAwMDAsImRlbGV0ZSI6MzAwMDAwMDAwMDAwLCJ1cGRhdGUiOjEyMDAwMDAwMDAwMH19",
          "dependencies": [
            "aws_internet_gateway.my_igw",
            "aws_route_table.my_route_table",
            "aws_subnet.my_subnet",
            "aws_vpc.my_vpc"
          ]
        }
      ]
    },
    {
      "mode": "managed",
      "type": "aws_security_group",
      "name": "my_sg",
      "provider": "provider[\"registry.terraform.io/hashicorp/aws\"]",
      "instances": [
        {
          "schema_version": 1,
          "attributes": {
            "arn": "arn:aws:ec2:us-east-1:520608787903:security-group/sg-079918dbd9485ce0f",
            "description": "Allow HTTP and SSH",
            "egress": [
              {
                "cidr_blocks": [
                  "0.0.0.0/0"
                ],
                "description": "",
                "from_port": 0,
                "ipv6_cidr_blocks": [],
                "prefix_list_ids": [],
                "protocol": "-1",
                "security_groups": [],
                "self": false,
                "to_port": 0
              }
            ],
            "id": "sg-079918dbd9485ce0f",
            "ingress": [
              {
                "cidr_blocks": [
                  "0.0.0.0/0"
                ],
                "description": "",
                "from_port": 22,
                "ipv6_cidr_blocks": [],
                "prefix_list_ids": [],
                "protocol": "tcp",
                "security_groups": [],
                "self": false,
                "to_port": 22
              }
            ],
            "name": "my-security-group",
            "name_prefix": "",
            "owner_id": "520608787903",
            "revoke_rules_on_delete": false,
            "tags": {
              "Name": "my-security-group"
            },
            "tags_all": {
              "Name": "my-security-group"
            },
            "timeouts": null,
            "vpc_id": "vpc-049188ba561275953"
          },
          "sensitive_attributes": [],
          "private": "eyJlMmJmYjczMC1lY2FhLTExZTYtOGY4OC0zNDM2M2JjN2M0YzAiOnsiY3JlYXRlIjo2MDAwMDAwMDAwMDAsImRlbGV0ZSI6OTAwMDAwMDAwMDAwfSwic2NoZW1hX3ZlcnNpb24iOiIxIn0=",
          "dependencies": [
            "aws_vpc.my_vpc"
          ]
        }
      ]
    },
    {
      "mode": "managed",
      "type": "aws_subnet",
      "name": "my_subnet",
      "provider": "provider[\"registry.terraform.io/hashicorp/aws\"]",
      "instances": [
        {
          "schema_version": 1,
          "attributes": {
            "arn": "arn:aws:ec2:us-east-1:520608787903:subnet/subnet-018f5d9e783b7a6ca",
            "assign_ipv6_address_on_creation": false,
            "availability_zone": "us-east-1a",
            "availability_zone_id": "use1-az1",
            "cidr_block": "10.0.1.0/24",
            "customer_owned_ipv4_pool": "",
            "enable_dns64": false,
            "enable_lni_at_device_index": 0,
            "enable_resource_name_dns_a_record_on_launch": false,
            "enable_resource_name_dns_aaaa_record_on_launch": false,
            "id": "subnet-018f5d9e783b7a6ca",
            "ipv6_cidr_block": "",
            "ipv6_cidr_block_association_id": "",
            "ipv6_native": false,
            "map_customer_owned_ip_on_launch": false,
            "map_public_ip_on_launch": true,
            "outpost_arn": "",
            "owner_id": "520608787903",
            "private_dns_hostname_type_on_launch": "ip-name",
            "tags": {
              "Name": "my-subnet"
            },
            "tags_all": {
              "Name": "my-subnet"
            },
            "timeouts": null,
            "vpc_id": "vpc-049188ba561275953"
          },
          "sensitive_attributes": [],
          "private": "eyJlMmJmYjczMC1lY2FhLTExZTYtOGY4OC0zNDM2M2JjN2M0YzAiOnsiY3JlYXRlIjo2MDAwMDAwMDAwMDAsImRlbGV0ZSI6MTIwMDAwMDAwMDAwMH0sInNjaGVtYV92ZXJzaW9uIjoiMSJ9",
          "dependencies": [
            "aws_vpc.my_vpc"
          ]
        }
      ]
    },
    {
      "mode": "managed",
      "type": "aws_vpc",
      "name": "my_vpc",
      "provider": "provider[\"registry.terraform.io/hashicorp/aws\"]",
      "instances": [
        {
          "schema_version": 1,
          "attributes": {
            "arn": "arn:aws:ec2:us-east-1:520608787903:vpc/vpc-049188ba561275953",
            "assign_generated_ipv6_cidr_block": false,
            "cidr_block": "10.0.0.0/16",
            "default_network_acl_id": "acl-006a75d942eb4f066",
            "default_route_table_id": "rtb-090ee5005650aa3f4",
            "default_security_group_id": "sg-00333306b17a59748",
            "dhcp_options_id": "dopt-0468359e56b57d0fa",
            "enable_dns_hostnames": false,
            "enable_dns_support": true,
            "enable_network_address_usage_metrics": false,
            "id": "vpc-049188ba561275953",
            "instance_tenancy": "default",
            "ipv4_ipam_pool_id": null,
            "ipv4_netmask_length": null,
            "ipv6_association_id": "",
            "ipv6_cidr_block": "",
            "ipv6_cidr_block_network_border_group": "",
            "ipv6_ipam_pool_id": "",
            "ipv6_netmask_length": 0,
            "main_route_table_id": "rtb-090ee5005650aa3f4",
            "owner_id": "520608787903",
            "tags": {
              "Name": "myVpc"
            },
            "tags_all": {
              "Name": "myVpc"
            }
          },
          "sensitive_attributes": [],
          "private": "eyJzY2hlbWFfdmVyc2lvbiI6IjEifQ=="
        }
      ]
    },
    {
      "mode": "managed",
      "type": "local_file",
      "name": "TF_key",
      "provider": "provider[\"registry.terraform.io/hashicorp/local\"]",
      "instances": [
        {
          "schema_version": 0,
          "attributes": {
            "content": "-----BEGIN RSA PRIVATE KEY-----\nMIIJKAIBAAKCAgEAmOxNwZ1Vxh/sY49zauxFCxw/oN/JgS4ojRl4JRqRpUtK2k2O\nVHZ6ErUPlBNYu9S/+xHzdOCQkGPKDp3BXYX44QqQCBJ9zFKlla4LObN78ti0DDi/\nKcmr59Ng78hHLUENZD9erVvPkr2j2x3316nu5/Vj6LMKNZA3tdPEXW+MsGqLFFK1\nSwHKJx8fxZDCDEfNeeh3gW3ZKGipBGsTHm5FznyYGyFzjG0x94YlrU9eM3Pg31mU\ne3y+M7BkPRkVoL9KJC2tKzEop7JBzN2XFsa0yc6otBk+3LAFApEAwD8T9oI4KwQB\ncFRapt3lGoUywZ9ghwwJmyibli6DSkKHhbfLWf1ayy/oH6NhLvLarK+rhedATsbX\n+ds8pYRzdVysFPosP2VCFMm96OSjJKnVcbqs7tHcSfRqZtWHkmKwqrue9iFNrWIQ\ndM1nYfI5hW7KmT6FJFSEDjx5sWE1NjboktodxL+xR16DNOdvKutZCn1QM9HOi/5p\nwLFrrRpvh1rBx7YldKFYNNul1hZn8EoDLyuphkdzQL3/+3p/ZpCaaNG96EWjaHcj\nZ4V7qvSgEdL3dD/SS+N5ca5NH+NFmmlnr3rRsAFFdgqMsBMd4Xf0eMI3RNMtB2M+\nfQaOmyd154tagYukrAdMrc/un9rCASGv0YiAs9j5ZvS/mPJAMvB1vUavKKMCAwEA\nAQKCAgBp9rQaiU86Ljy68FflqzpcbIKakvcqEDYBL7jU3Qg3JWkEw+DwHfiQpe3Z\niV5fKRiufM3aGxGRO9RzNFUc3QyLw6nyLf4Fau9aPHOC1B/7MrXwEhJEfn4j8ZCm\nFn1bmkwRPuf38DpxT/8OgkGOqy3khWFpiUZ1vy0bTVYv+G/gfrNIrdb51o+hdCur\n1pbfs5Fp++9zPA7RtVQIv7lLyNWOMz+i7RcII1IQVmAdK3X26UDVA1mkB9g0MPIE\ndDFMZcCWOSBZYYLuUNLPhmx/V8lGXXEA+s1YVo/iK1/91reahLku9WOZ1pnKLs/m\nBI4bJLjaWzj8zrKg6jIHbvpBag35hyQf4Qm75pbPFkfFYT8Uy18pBmxtD8UKwChW\nt0oLxqPGnpYZjuZJbKzg487zSfZSkdhYRk7OaA/xx1XHHPpk2jT6ceKqpHPi1Nkv\nMXjS3Sr8/vwWihpXeIQIYtvhBsCWBfpxq6lCfK+n+nMyAnEjv8L7pc8dGABx/G4E\nhZuobA0vKPB/Zokuj6sa4r+BNftWj7xn5enju1b7CrWy77FmDI2+9ea602qmtJVw\nDMBenpEydKrYbj2uRsX4coMFPCEQhypbcwxbL4EAcfb7uwKyjks9hNnYqV5QK13a\nzKxqOtfjjVovjxzzR/mf+yoUQs7dlIq//o+CUdg0OZmjo9Fb4QKCAQEAxUOP5Cwh\nfoWqd+qz/QG14Dgpvo8e2H9N1KAzYiTduGZ3N2wFHlMtidSXojyu/iNmenC5FupP\ne4cMaRmyMeeiB4z0vEcwDOOPN7i0RFMwnbqzzrx7lZHTrUH50m/cwmmdmUJ/gMiA\no/w9BrOcMOUqA1lM1J07givhuqpsmtzlzNtwOVekXMexQy05k+JwnW1w1gxkiqK2\nkemqXDSrW6RmaY0BzfDGxgT9e0CvcbHeFayWflT544q60StniamwSvXGQf5yZ5eb\nm6bM/lHnUErW4TVEZJBZIaxWzSVt2nYNE+al3/CYihcCWlXF8XiBGCOtZN9FYzK7\nmTVZT8yLMB4flQKCAQEAxnTcbNmSZwvgOfURyhETdUCJqPvgMiYGGO6GpItNcP4x\nVbLty5KkVoJwV+Ud9wsHcyllFRyT9tzobazOoE1FDpSoGlvbeabBeW0nbH149wfZ\n4ig7dvvheZ5Plodvv0HNUpTM7YUMN3DUFckOTDhQIc5/2imWK0WZ1CscfOwWNE0L\nEZ5Wr2PgXHnzFmYsXILFq2GhfgOsG95riXiU9I2aUIJ7S5wEsiyAbOEsYpPKWWlI\nUIZ1zTSO2gV1O7kVIcxIaDL0DBUWSz7MNgk5g8qTDjBtvHUDyeA01Fx7WGoE/TiW\nZLS9tRL5OegX/Bft2WbsDUa68LAPD5u3aREeFDF5VwKCAQEAgJj+4Rzz6OtyqiJT\nnAjVbIqwjA35aeHz9z1Iwh6OfHwwE+1TmOVYtpXlFFrDKeIiGIgL4ah2kG0F5i5e\nQLJkqs91bJhr9rsSzpyWyEQDWZAxUAEIAAXFHRn5pvpNzF/V4ee7/1S2qDD0B75n\ngGik7vH0aFboSIAa8/nOO1buaJJVosxD1khIgyakdogUKk0CVkhV8xsIMi9GZD3h\nyChwqzbFimAA9W6jYQpWVaRCx5ZvtYPoNDJof5vwL4pz5yo6SSN7qZToWJxw3wq9\n5VYkp0R2haikspMLM0nHR7fV5rdiQ48xojRF0GZCWJzaa8Y2b6AuN/EG42YoByGt\nS30X0QKCAQBA+OFxgYm80taGIwW/8fc82/Q1rsCnqms0nmLWXATuiUn9lKbljwze\nhbXiENDOoH2/5j2Bu+l1WL1/qqO7N5D0RRcECi7AlSeiaWoOysVfmuJqeGF/gtc+\nyeWkkpKzOwfNkYnF+VkWjYnh2AEmUwlpCAIzmonfgNnr7HFXNLPQS6jkC8K1iS1b\nGVHMc4bygp3UjhIg/3LJbPgn+aJKrlFnKlDTYDDpZEhnXRD69Qe6Xg2ez2ah2CMs\nnbzT4LRabFcIRiZADmdOGzEgP8TksN2UN6a1nFmxLgYdwGlheNRJUs1qCwJQ1fVi\nT+oKTotAMcH2VsG9KubDZWeWrlP6qHfhAoIBABe+VIajW+ne1DF6Rvh/qbpFRIT8\nHpSVJ4tEXw3l/weGrcahbQO+KfR2kzx4KK6aXAaFW4MWaH5msuouuEktvpgm35Xb\nQFie5zonaJqRnAIA6tOy/X6EhOlHw7MBHnjUmeUiy8lEUgtM8C7OhK1mzMkGTuFW\nueapl+t9MeQylmlFTdZF0txu58PMMelhpQJOvarVq6s1NJfV0ghxiO9mqPhMbqQb\nvGjr3Y/Cwv1G7HFRGjy3K2jYCenTANUNWxdt2XLukKdWPU4Bl/tWneucqMtP5VlN\naGKfJqviSYxlyCOsssqoyvbJoK2RNugrH/cADEia/WShvi6trIb18t0+DpA=\n-----END RSA PRIVATE KEY-----\n",
            "content_base64": null,
            "content_base64sha256": "0mXDX0kG9UHEseB67YFmfvwPKjHlJiRBDJUBdX1NXHM=",
            "content_base64sha512": "JNha6rrkggnBPcKfll8aSz1e3Pfx0rfbQcDwti8UaXSWlO5DSFPn0WdoXbiU6iTg3lL0G9bMYBwnVuXOD+Sung==",
            "content_md5": "be96d6c6a3fc48f2411fce265093e1d9",
            "content_sha1": "6e1a9d86630d3368497ba150c68ae557ae293f8a",
            "content_sha256": "d265c35f4906f541c4b1e07aed81667efc0f2a31e52624410c9501757d4d5c73",
            "content_sha512": "24d85aeabae48209c13dc29f965f1a4b3d5edcf7f1d2b7db41c0f0b62f1469749694ee434853e7d167685db894ea24e0de52f41bd6cc601c2756e5ce0fe4ae9e",
            "directory_permission": "0777",
            "file_permission": "0777",
            "filename": "tfkey.pem",
            "id": "6e1a9d86630d3368497ba150c68ae557ae293f8a",
            "sensitive_content": null,
            "source": null
          },
          "sensitive_attributes": [
            [
              {
                "type": "get_attr",
                "value": "sensitive_content"
              }
            ],
            [
              {
                "type": "get_attr",
                "value": "content"
              }
            ]
          ],
          "dependencies": [
            "tls_private_key.rsa"
          ]
        }
      ]
    },
    {
      "mode": "managed",
      "type": "tls_private_key",
      "name": "rsa",
      "provider": "provider[\"registry.terraform.io/hashicorp/tls\"]",
      "instances": [
        {
          "schema_version": 1,
          "attributes": {
            "algorithm": "RSA",
            "ecdsa_curve": "P224",
            "id": "5c27394944ddf31628378c80753c8bd0daac0317",
            "private_key_openssh": "-----BEGIN OPENSSH PRIVATE KEY-----\nb3BlbnNzaC1rZXktdjEAAAAABG5vbmUAAAAEbm9uZQAAAAAAAAABAAACFwAAAAdz\nc2gtcnNhAAAAAwEAAQAAAgEAmOxNwZ1Vxh/sY49zauxFCxw/oN/JgS4ojRl4JRqR\npUtK2k2OVHZ6ErUPlBNYu9S/+xHzdOCQkGPKDp3BXYX44QqQCBJ9zFKlla4LObN7\n8ti0DDi/Kcmr59Ng78hHLUENZD9erVvPkr2j2x3316nu5/Vj6LMKNZA3tdPEXW+M\nsGqLFFK1SwHKJx8fxZDCDEfNeeh3gW3ZKGipBGsTHm5FznyYGyFzjG0x94YlrU9e\nM3Pg31mUe3y+M7BkPRkVoL9KJC2tKzEop7JBzN2XFsa0yc6otBk+3LAFApEAwD8T\n9oI4KwQBcFRapt3lGoUywZ9ghwwJmyibli6DSkKHhbfLWf1ayy/oH6NhLvLarK+r\nhedATsbX+ds8pYRzdVysFPosP2VCFMm96OSjJKnVcbqs7tHcSfRqZtWHkmKwqrue\n9iFNrWIQdM1nYfI5hW7KmT6FJFSEDjx5sWE1NjboktodxL+xR16DNOdvKutZCn1Q\nM9HOi/5pwLFrrRpvh1rBx7YldKFYNNul1hZn8EoDLyuphkdzQL3/+3p/ZpCaaNG9\n6EWjaHcjZ4V7qvSgEdL3dD/SS+N5ca5NH+NFmmlnr3rRsAFFdgqMsBMd4Xf0eMI3\nRNMtB2M+fQaOmyd154tagYukrAdMrc/un9rCASGv0YiAs9j5ZvS/mPJAMvB1vUav\nKKMAAAc4in4McYp+DHEAAAAHc3NoLXJzYQAAAgEAmOxNwZ1Vxh/sY49zauxFCxw/\noN/JgS4ojRl4JRqRpUtK2k2OVHZ6ErUPlBNYu9S/+xHzdOCQkGPKDp3BXYX44QqQ\nCBJ9zFKlla4LObN78ti0DDi/Kcmr59Ng78hHLUENZD9erVvPkr2j2x3316nu5/Vj\n6LMKNZA3tdPEXW+MsGqLFFK1SwHKJx8fxZDCDEfNeeh3gW3ZKGipBGsTHm5FznyY\nGyFzjG0x94YlrU9eM3Pg31mUe3y+M7BkPRkVoL9KJC2tKzEop7JBzN2XFsa0yc6o\ntBk+3LAFApEAwD8T9oI4KwQBcFRapt3lGoUywZ9ghwwJmyibli6DSkKHhbfLWf1a\nyy/oH6NhLvLarK+rhedATsbX+ds8pYRzdVysFPosP2VCFMm96OSjJKnVcbqs7tHc\nSfRqZtWHkmKwqrue9iFNrWIQdM1nYfI5hW7KmT6FJFSEDjx5sWE1NjboktodxL+x\nR16DNOdvKutZCn1QM9HOi/5pwLFrrRpvh1rBx7YldKFYNNul1hZn8EoDLyuphkdz\nQL3/+3p/ZpCaaNG96EWjaHcjZ4V7qvSgEdL3dD/SS+N5ca5NH+NFmmlnr3rRsAFF\ndgqMsBMd4Xf0eMI3RNMtB2M+fQaOmyd154tagYukrAdMrc/un9rCASGv0YiAs9j5\nZvS/mPJAMvB1vUavKKMAAAADAQABAAACAGn2tBqJTzouPLrwV+WrOlxsgpqS9yoQ\nNgEvuNTdCDclaQTD4PAd+JCl7dmJXl8pGK58zdobEZE71HM0VRzdDIvDqfIt/gVq\n71o8c4LUH/sytfASEkR+fiPxkKYWfVuaTBE+5/fwOnFP/w6CQY6rLeSFYWmJRnW/\nLRtNVi/4b+B+s0it1vnWj6F0K6vWlt+zkWn773M8DtG1VAi/uUvI1Y4zP6LtFwgj\nUhBWYB0rdfbpQNUDWaQH2DQw8gR0MUxlwJY5IFlhgu5Q0s+GbH9XyUZdcQD6zVhW\nj+IrX/3Wt5qEuS71Y5nWmcouz+YEjhskuNpbOPzOsqDqMgdu+kFqDfmHJB/hCbvm\nls8WR8VhPxTLXykGbG0PxQrAKFa3SgvGo8aelhmO5klsrODjzvNJ9lKR2FhGTs5o\nD/HHVccc+mTaNPpx4qqkc+LU2S8xeNLdKvz+/BaKGld4hAhi2+EGwJYF+nGrqUJ8\nr6f6czICcSO/wvulzx0YAHH8bgSFm6hsDS8o8H9miS6Pqxriv4E1+1aPvGfl6eO7\nVvsKtbLvsWYMjb715rrTaqa0lXAMwF6ekTJ0qthuPa5GxfhygwU8IRCHKltzDFsv\ngQBx9vu7ArKOSz2E2dipXlArXdrMrGo61+ONWi+PHPNH+Z/7KhRCzt2Uir/+j4JR\n2DQ5maOj0VvhAAABABe+VIajW+ne1DF6Rvh/qbpFRIT8HpSVJ4tEXw3l/weGrcah\nbQO+KfR2kzx4KK6aXAaFW4MWaH5msuouuEktvpgm35XbQFie5zonaJqRnAIA6tOy\n/X6EhOlHw7MBHnjUmeUiy8lEUgtM8C7OhK1mzMkGTuFWueapl+t9MeQylmlFTdZF\n0txu58PMMelhpQJOvarVq6s1NJfV0ghxiO9mqPhMbqQbvGjr3Y/Cwv1G7HFRGjy3\nK2jYCenTANUNWxdt2XLukKdWPU4Bl/tWneucqMtP5VlNaGKfJqviSYxlyCOsssqo\nyvbJoK2RNugrH/cADEia/WShvi6trIb18t0+DpAAAAEBAMVDj+QsIX6Fqnfqs/0B\nteA4Kb6PHth/TdSgM2Ik3bhmdzdsBR5TLYnUl6I8rv4jZnpwuRbqT3uHDGkZsjHn\nogeM9LxHMAzjjze4tERTMJ26s868e5WR061B+dJv3MJpnZlCf4DIgKP8PQaznDDl\nKgNZTNSdO4Ir4bqqbJrc5czbcDlXpFzHsUMtOZPicJ1tcNYMZIqitpHpqlw0q1uk\nZmmNAc3wxsYE/XtAr3Gx3hWsln5U+eOKutErZ4mpsEr1xkH+cmeXm5umzP5R51BK\n1uE1RGSQWSGsVs0lbdp2DRPmpd/wmIoXAlpVxfF4gRgjrWTfRWMyu5k1WU/MizAe\nH5UAAAEBAMZ03GzZkmcL4Dn1EcoRE3VAiaj74DImBhjuhqSLTXD+MVWy7cuSpFaC\ncFflHfcLB3MpZRUck/bc6G2szqBNRQ6UqBpb23mmwXltJ2x9ePcH2eIoO3b74Xme\nT5aHb79BzVKUzO2FDDdw1BXJDkw4UCHOf9oplitFmdQrHHzsFjRNCxGeVq9j4Fx5\n8xZmLFyCxathoX4DrBvea4l4lPSNmlCCe0ucBLIsgGzhLGKTyllpSFCGdc00jtoF\ndTu5FSHMSGgy9AwVFks+zDYJOYPKkw4wbbx1A8ngNNRce1hqBP04lmS0vbUS+Tno\nF/wX7dlm7A1GuvCwDw+bt2kRHhQxeVcAAAAAAQID\n-----END OPENSSH PRIVATE KEY-----\n",
            "private_key_pem": "-----BEGIN RSA PRIVATE KEY-----\nMIIJKAIBAAKCAgEAmOxNwZ1Vxh/sY49zauxFCxw/oN/JgS4ojRl4JRqRpUtK2k2O\nVHZ6ErUPlBNYu9S/+xHzdOCQkGPKDp3BXYX44QqQCBJ9zFKlla4LObN78ti0DDi/\nKcmr59Ng78hHLUENZD9erVvPkr2j2x3316nu5/Vj6LMKNZA3tdPEXW+MsGqLFFK1\nSwHKJx8fxZDCDEfNeeh3gW3ZKGipBGsTHm5FznyYGyFzjG0x94YlrU9eM3Pg31mU\ne3y+M7BkPRkVoL9KJC2tKzEop7JBzN2XFsa0yc6otBk+3LAFApEAwD8T9oI4KwQB\ncFRapt3lGoUywZ9ghwwJmyibli6DSkKHhbfLWf1ayy/oH6NhLvLarK+rhedATsbX\n+ds8pYRzdVysFPosP2VCFMm96OSjJKnVcbqs7tHcSfRqZtWHkmKwqrue9iFNrWIQ\ndM1nYfI5hW7KmT6FJFSEDjx5sWE1NjboktodxL+xR16DNOdvKutZCn1QM9HOi/5p\nwLFrrRpvh1rBx7YldKFYNNul1hZn8EoDLyuphkdzQL3/+3p/ZpCaaNG96EWjaHcj\nZ4V7qvSgEdL3dD/SS+N5ca5NH+NFmmlnr3rRsAFFdgqMsBMd4Xf0eMI3RNMtB2M+\nfQaOmyd154tagYukrAdMrc/un9rCASGv0YiAs9j5ZvS/mPJAMvB1vUavKKMCAwEA\nAQKCAgBp9rQaiU86Ljy68FflqzpcbIKakvcqEDYBL7jU3Qg3JWkEw+DwHfiQpe3Z\niV5fKRiufM3aGxGRO9RzNFUc3QyLw6nyLf4Fau9aPHOC1B/7MrXwEhJEfn4j8ZCm\nFn1bmkwRPuf38DpxT/8OgkGOqy3khWFpiUZ1vy0bTVYv+G/gfrNIrdb51o+hdCur\n1pbfs5Fp++9zPA7RtVQIv7lLyNWOMz+i7RcII1IQVmAdK3X26UDVA1mkB9g0MPIE\ndDFMZcCWOSBZYYLuUNLPhmx/V8lGXXEA+s1YVo/iK1/91reahLku9WOZ1pnKLs/m\nBI4bJLjaWzj8zrKg6jIHbvpBag35hyQf4Qm75pbPFkfFYT8Uy18pBmxtD8UKwChW\nt0oLxqPGnpYZjuZJbKzg487zSfZSkdhYRk7OaA/xx1XHHPpk2jT6ceKqpHPi1Nkv\nMXjS3Sr8/vwWihpXeIQIYtvhBsCWBfpxq6lCfK+n+nMyAnEjv8L7pc8dGABx/G4E\nhZuobA0vKPB/Zokuj6sa4r+BNftWj7xn5enju1b7CrWy77FmDI2+9ea602qmtJVw\nDMBenpEydKrYbj2uRsX4coMFPCEQhypbcwxbL4EAcfb7uwKyjks9hNnYqV5QK13a\nzKxqOtfjjVovjxzzR/mf+yoUQs7dlIq//o+CUdg0OZmjo9Fb4QKCAQEAxUOP5Cwh\nfoWqd+qz/QG14Dgpvo8e2H9N1KAzYiTduGZ3N2wFHlMtidSXojyu/iNmenC5FupP\ne4cMaRmyMeeiB4z0vEcwDOOPN7i0RFMwnbqzzrx7lZHTrUH50m/cwmmdmUJ/gMiA\no/w9BrOcMOUqA1lM1J07givhuqpsmtzlzNtwOVekXMexQy05k+JwnW1w1gxkiqK2\nkemqXDSrW6RmaY0BzfDGxgT9e0CvcbHeFayWflT544q60StniamwSvXGQf5yZ5eb\nm6bM/lHnUErW4TVEZJBZIaxWzSVt2nYNE+al3/CYihcCWlXF8XiBGCOtZN9FYzK7\nmTVZT8yLMB4flQKCAQEAxnTcbNmSZwvgOfURyhETdUCJqPvgMiYGGO6GpItNcP4x\nVbLty5KkVoJwV+Ud9wsHcyllFRyT9tzobazOoE1FDpSoGlvbeabBeW0nbH149wfZ\n4ig7dvvheZ5Plodvv0HNUpTM7YUMN3DUFckOTDhQIc5/2imWK0WZ1CscfOwWNE0L\nEZ5Wr2PgXHnzFmYsXILFq2GhfgOsG95riXiU9I2aUIJ7S5wEsiyAbOEsYpPKWWlI\nUIZ1zTSO2gV1O7kVIcxIaDL0DBUWSz7MNgk5g8qTDjBtvHUDyeA01Fx7WGoE/TiW\nZLS9tRL5OegX/Bft2WbsDUa68LAPD5u3aREeFDF5VwKCAQEAgJj+4Rzz6OtyqiJT\nnAjVbIqwjA35aeHz9z1Iwh6OfHwwE+1TmOVYtpXlFFrDKeIiGIgL4ah2kG0F5i5e\nQLJkqs91bJhr9rsSzpyWyEQDWZAxUAEIAAXFHRn5pvpNzF/V4ee7/1S2qDD0B75n\ngGik7vH0aFboSIAa8/nOO1buaJJVosxD1khIgyakdogUKk0CVkhV8xsIMi9GZD3h\nyChwqzbFimAA9W6jYQpWVaRCx5ZvtYPoNDJof5vwL4pz5yo6SSN7qZToWJxw3wq9\n5VYkp0R2haikspMLM0nHR7fV5rdiQ48xojRF0GZCWJzaa8Y2b6AuN/EG42YoByGt\nS30X0QKCAQBA+OFxgYm80taGIwW/8fc82/Q1rsCnqms0nmLWXATuiUn9lKbljwze\nhbXiENDOoH2/5j2Bu+l1WL1/qqO7N5D0RRcECi7AlSeiaWoOysVfmuJqeGF/gtc+\nyeWkkpKzOwfNkYnF+VkWjYnh2AEmUwlpCAIzmonfgNnr7HFXNLPQS6jkC8K1iS1b\nGVHMc4bygp3UjhIg/3LJbPgn+aJKrlFnKlDTYDDpZEhnXRD69Qe6Xg2ez2ah2CMs\nnbzT4LRabFcIRiZADmdOGzEgP8TksN2UN6a1nFmxLgYdwGlheNRJUs1qCwJQ1fVi\nT+oKTotAMcH2VsG9KubDZWeWrlP6qHfhAoIBABe+VIajW+ne1DF6Rvh/qbpFRIT8\nHpSVJ4tEXw3l/weGrcahbQO+KfR2kzx4KK6aXAaFW4MWaH5msuouuEktvpgm35Xb\nQFie5zonaJqRnAIA6tOy/X6EhOlHw7MBHnjUmeUiy8lEUgtM8C7OhK1mzMkGTuFW\nueapl+t9MeQylmlFTdZF0txu58PMMelhpQJOvarVq6s1NJfV0ghxiO9mqPhMbqQb\nvGjr3Y/Cwv1G7HFRGjy3K2jYCenTANUNWxdt2XLukKdWPU4Bl/tWneucqMtP5VlN\naGKfJqviSYxlyCOsssqoyvbJoK2RNugrH/cADEia/WShvi6trIb18t0+DpA=\n-----END RSA PRIVATE KEY-----\n",
            "private_key_pem_pkcs8": "-----BEGIN PRIVATE KEY-----\nMIIJQgIBADANBgkqhkiG9w0BAQEFAASCCSwwggkoAgEAAoICAQCY7E3BnVXGH+xj\nj3Nq7EULHD+g38mBLiiNGXglGpGlS0raTY5UdnoStQ+UE1i71L/7EfN04JCQY8oO\nncFdhfjhCpAIEn3MUqWVrgs5s3vy2LQMOL8pyavn02DvyEctQQ1kP16tW8+SvaPb\nHffXqe7n9WPoswo1kDe108Rdb4ywaosUUrVLAconHx/FkMIMR8156HeBbdkoaKkE\naxMebkXOfJgbIXOMbTH3hiWtT14zc+DfWZR7fL4zsGQ9GRWgv0okLa0rMSinskHM\n3ZcWxrTJzqi0GT7csAUCkQDAPxP2gjgrBAFwVFqm3eUahTLBn2CHDAmbKJuWLoNK\nQoeFt8tZ/VrLL+gfo2Eu8tqsr6uF50BOxtf52zylhHN1XKwU+iw/ZUIUyb3o5KMk\nqdVxuqzu0dxJ9Gpm1YeSYrCqu572IU2tYhB0zWdh8jmFbsqZPoUkVIQOPHmxYTU2\nNuiS2h3Ev7FHXoM0528q61kKfVAz0c6L/mnAsWutGm+HWsHHtiV0oVg026XWFmfw\nSgMvK6mGR3NAvf/7en9mkJpo0b3oRaNodyNnhXuq9KAR0vd0P9JL43lxrk0f40Wa\naWevetGwAUV2CoywEx3hd/R4wjdE0y0HYz59Bo6bJ3Xni1qBi6SsB0ytz+6f2sIB\nIa/RiICz2Plm9L+Y8kAy8HW9Rq8oowIDAQABAoICAGn2tBqJTzouPLrwV+WrOlxs\ngpqS9yoQNgEvuNTdCDclaQTD4PAd+JCl7dmJXl8pGK58zdobEZE71HM0VRzdDIvD\nqfIt/gVq71o8c4LUH/sytfASEkR+fiPxkKYWfVuaTBE+5/fwOnFP/w6CQY6rLeSF\nYWmJRnW/LRtNVi/4b+B+s0it1vnWj6F0K6vWlt+zkWn773M8DtG1VAi/uUvI1Y4z\nP6LtFwgjUhBWYB0rdfbpQNUDWaQH2DQw8gR0MUxlwJY5IFlhgu5Q0s+GbH9XyUZd\ncQD6zVhWj+IrX/3Wt5qEuS71Y5nWmcouz+YEjhskuNpbOPzOsqDqMgdu+kFqDfmH\nJB/hCbvmls8WR8VhPxTLXykGbG0PxQrAKFa3SgvGo8aelhmO5klsrODjzvNJ9lKR\n2FhGTs5oD/HHVccc+mTaNPpx4qqkc+LU2S8xeNLdKvz+/BaKGld4hAhi2+EGwJYF\n+nGrqUJ8r6f6czICcSO/wvulzx0YAHH8bgSFm6hsDS8o8H9miS6Pqxriv4E1+1aP\nvGfl6eO7VvsKtbLvsWYMjb715rrTaqa0lXAMwF6ekTJ0qthuPa5GxfhygwU8IRCH\nKltzDFsvgQBx9vu7ArKOSz2E2dipXlArXdrMrGo61+ONWi+PHPNH+Z/7KhRCzt2U\nir/+j4JR2DQ5maOj0VvhAoIBAQDFQ4/kLCF+hap36rP9AbXgOCm+jx7Yf03UoDNi\nJN24Znc3bAUeUy2J1JeiPK7+I2Z6cLkW6k97hwxpGbIx56IHjPS8RzAM4483uLRE\nUzCdurPOvHuVkdOtQfnSb9zCaZ2ZQn+AyICj/D0Gs5ww5SoDWUzUnTuCK+G6qmya\n3OXM23A5V6Rcx7FDLTmT4nCdbXDWDGSKoraR6apcNKtbpGZpjQHN8MbGBP17QK9x\nsd4VrJZ+VPnjirrRK2eJqbBK9cZB/nJnl5ubpsz+UedQStbhNURkkFkhrFbNJW3a\ndg0T5qXf8JiKFwJaVcXxeIEYI61k30VjMruZNVlPzIswHh+VAoIBAQDGdNxs2ZJn\nC+A59RHKERN1QImo++AyJgYY7oaki01w/jFVsu3LkqRWgnBX5R33CwdzKWUVHJP2\n3OhtrM6gTUUOlKgaW9t5psF5bSdsfXj3B9niKDt2++F5nk+Wh2+/Qc1SlMzthQw3\ncNQVyQ5MOFAhzn/aKZYrRZnUKxx87BY0TQsRnlavY+BcefMWZixcgsWrYaF+A6wb\n3muJeJT0jZpQgntLnASyLIBs4Sxik8pZaUhQhnXNNI7aBXU7uRUhzEhoMvQMFRZL\nPsw2CTmDypMOMG28dQPJ4DTUXHtYagT9OJZktL21Evk56Bf8F+3ZZuwNRrrwsA8P\nm7dpER4UMXlXAoIBAQCAmP7hHPPo63KqIlOcCNVsirCMDflp4fP3PUjCHo58fDAT\n7VOY5Vi2leUUWsMp4iIYiAvhqHaQbQXmLl5AsmSqz3VsmGv2uxLOnJbIRANZkDFQ\nAQgABcUdGfmm+k3MX9Xh57v/VLaoMPQHvmeAaKTu8fRoVuhIgBrz+c47Vu5oklWi\nzEPWSEiDJqR2iBQqTQJWSFXzGwgyL0ZkPeHIKHCrNsWKYAD1bqNhClZVpELHlm+1\ng+g0Mmh/m/AvinPnKjpJI3uplOhYnHDfCr3lViSnRHaFqKSykwszScdHt9Xmt2JD\njzGiNEXQZkJYnNprxjZvoC438QbjZigHIa1LfRfRAoIBAED44XGBibzS1oYjBb/x\n9zzb9DWuwKeqazSeYtZcBO6JSf2UpuWPDN6FteIQ0M6gfb/mPYG76XVYvX+qo7s3\nkPRFFwQKLsCVJ6Jpag7KxV+a4mp4YX+C1z7J5aSSkrM7B82RicX5WRaNieHYASZT\nCWkIAjOaid+A2evscVc0s9BLqOQLwrWJLVsZUcxzhvKCndSOEiD/csls+Cf5okqu\nUWcqUNNgMOlkSGddEPr1B7peDZ7PZqHYIyydvNPgtFpsVwhGJkAOZ04bMSA/xOSw\n3ZQ3prWcWbEuBh3AaWF41ElSzWoLAlDV9WJP6gpOi0AxwfZWwb0q5sNlZ5auU/qo\nd+ECggEAF75UhqNb6d7UMXpG+H+pukVEhPwelJUni0RfDeX/B4atxqFtA74p9HaT\nPHgorppcBoVbgxZofmay6i64SS2+mCbfldtAWJ7nOidompGcAgDq07L9foSE6UfD\nswEeeNSZ5SLLyURSC0zwLs6ErWbMyQZO4Va55qmX630x5DKWaUVN1kXS3G7nw8wx\n6WGlAk69qtWrqzU0l9XSCHGI72ao+ExupBu8aOvdj8LC/UbscVEaPLcraNgJ6dMA\n1Q1bF23Zcu6Qp1Y9TgGX+1ad65yoy0/lWU1oYp8mq+JJjGXII6yyyqjK9smgrZE2\n6Csf9wAMSJr9ZKG+Lq2shvXy3T4OkA==\n-----END PRIVATE KEY-----\n",
            "public_key_fingerprint_md5": "01:08:c5:df:d9:b0:a7:b4:d7:e4:13:e5:6e:c0:9a:2a",
            "public_key_fingerprint_sha256": "SHA256:ouMd561usA7BAec88cdzoFhk8EQZl2Q7eZNaiiExvNw",
            "public_key_openssh": "ssh-rsa AAAAB3NzaC1yc2EAAAADAQABAAACAQCY7E3BnVXGH+xjj3Nq7EULHD+g38mBLiiNGXglGpGlS0raTY5UdnoStQ+UE1i71L/7EfN04JCQY8oOncFdhfjhCpAIEn3MUqWVrgs5s3vy2LQMOL8pyavn02DvyEctQQ1kP16tW8+SvaPbHffXqe7n9WPoswo1kDe108Rdb4ywaosUUrVLAconHx/FkMIMR8156HeBbdkoaKkEaxMebkXOfJgbIXOMbTH3hiWtT14zc+DfWZR7fL4zsGQ9GRWgv0okLa0rMSinskHM3ZcWxrTJzqi0GT7csAUCkQDAPxP2gjgrBAFwVFqm3eUahTLBn2CHDAmbKJuWLoNKQoeFt8tZ/VrLL+gfo2Eu8tqsr6uF50BOxtf52zylhHN1XKwU+iw/ZUIUyb3o5KMkqdVxuqzu0dxJ9Gpm1YeSYrCqu572IU2tYhB0zWdh8jmFbsqZPoUkVIQOPHmxYTU2NuiS2h3Ev7FHXoM0528q61kKfVAz0c6L/mnAsWutGm+HWsHHtiV0oVg026XWFmfwSgMvK6mGR3NAvf/7en9mkJpo0b3oRaNodyNnhXuq9KAR0vd0P9JL43lxrk0f40WaaWevetGwAUV2CoywEx3hd/R4wjdE0y0HYz59Bo6bJ3Xni1qBi6SsB0ytz+6f2sIBIa/RiICz2Plm9L+Y8kAy8HW9Rq8oow==\n",
            "public_key_pem": "-----BEGIN PUBLIC KEY-----\nMIICIjANBgkqhkiG9w0BAQEFAAOCAg8AMIICCgKCAgEAmOxNwZ1Vxh/sY49zauxF\nCxw/oN/JgS4ojRl4JRqRpUtK2k2OVHZ6ErUPlBNYu9S/+xHzdOCQkGPKDp3BXYX4\n4QqQCBJ9zFKlla4LObN78ti0DDi/Kcmr59Ng78hHLUENZD9erVvPkr2j2x3316nu\n5/Vj6LMKNZA3tdPEXW+MsGqLFFK1SwHKJx8fxZDCDEfNeeh3gW3ZKGipBGsTHm5F\nznyYGyFzjG0x94YlrU9eM3Pg31mUe3y+M7BkPRkVoL9KJC2tKzEop7JBzN2XFsa0\nyc6otBk+3LAFApEAwD8T9oI4KwQBcFRapt3lGoUywZ9ghwwJmyibli6DSkKHhbfL\nWf1ayy/oH6NhLvLarK+rhedATsbX+ds8pYRzdVysFPosP2VCFMm96OSjJKnVcbqs\n7tHcSfRqZtWHkmKwqrue9iFNrWIQdM1nYfI5hW7KmT6FJFSEDjx5sWE1Njboktod\nxL+xR16DNOdvKutZCn1QM9HOi/5pwLFrrRpvh1rBx7YldKFYNNul1hZn8EoDLyup\nhkdzQL3/+3p/ZpCaaNG96EWjaHcjZ4V7qvSgEdL3dD/SS+N5ca5NH+NFmmlnr3rR\nsAFFdgqMsBMd4Xf0eMI3RNMtB2M+fQaOmyd154tagYukrAdMrc/un9rCASGv0YiA\ns9j5ZvS/mPJAMvB1vUavKKMCAwEAAQ==\n-----END PUBLIC KEY-----\n",
            "rsa_bits": 4096
          },
          "sensitive_attributes": [
            [
              {
                "type": "get_attr",
                "value": "private_key_pem"
              }
            ],
            [
              {
                "type": "get_attr",
                "value": "private_key_pem_pkcs8"
              }
            ],
            [
              {
                "type": "get_attr",
                "value": "private_key_openssh"
              }
            ]
          ]
        }
      ]
    }
  ],
  "check_results": null
}
