{
  "version": 4,
  "terraform_version": "1.8.5",
  "serial": 76,
  "lineage": "aa3196a0-4e3b-55be-40fb-7d370160b62f",
  "outputs": {},
  "resources": [
    {
      "mode": "managed",
      "type": "aws_vpc",
      "name": "my-vpc",
      "provider": "provider[\"registry.terraform.io/hashicorp/aws\"]",
      "instances": [
        {
          "schema_version": 1,
          "attributes": {
            "arn": "arn:aws:ec2:us-east-1:637423559829:vpc/vpc-00c0ebd3df79cf5a6",
            "assign_generated_ipv6_cidr_block": false,
            "cidr_block": "10.0.0.0/16",
            "default_network_acl_id": "acl-0d542af9b9cfe237a",
            "default_route_table_id": "rtb-0c37a3d9709e81d9b",
            "default_security_group_id": "sg-076111072f939bfc9",
            "dhcp_options_id": "dopt-052b979ce01ded1b5",
            "enable_dns_hostnames": false,
            "enable_dns_support": true,
            "enable_network_address_usage_metrics": false,
            "id": "vpc-00c0ebd3df79cf5a6",
            "instance_tenancy": "default",
            "ipv4_ipam_pool_id": null,
            "ipv4_netmask_length": null,
            "ipv6_association_id": "",
            "ipv6_cidr_block": "",
            "ipv6_cidr_block_network_border_group": "",
            "ipv6_ipam_pool_id": "",
            "ipv6_netmask_length": 0,
            "main_route_table_id": "rtb-0c37a3d9709e81d9b",
            "owner_id": "637423559829",
            "tags": {
              "Name": "myVpc"
            },
            "tags_all": {
              "Name": "myVpc"
            }
          },
          "sensitive_attributes": [],
          "private": "eyJzY2hlbWFfdmVyc2lvbiI6IjEifQ=="
        }
      ]
    }
  ],
  "check_results": null
}
